
Microsoft Visual Studio Solution File, Format Version 12.00
# Visual Studio Version 17
VisualStudioVersion = 17.13.35806.99 d17.13
MinimumVisualStudioVersion = 10.0.40219.1
Project("{FAE04EC0-301F-11D3-BF4B-00C04F79EFBC}") = "partial_view_task", "partial_view_task\partial_view_task.csproj", "{9BD70C10-321C-463A-8E8B-FFEA04E9879D}"
EndProject
Global
	GlobalSection(SolutionConfigurationPlatforms) = preSolution
		Debug|Any CPU = Debug|Any CPU
		Release|Any CPU = Release|Any CPU
	EndGlobalSection
	GlobalSection(ProjectConfigurationPlatforms) = postSolution
		{9BD70C10-321C-463A-8E8B-FFEA04E9879D}.Debug|Any CPU.ActiveCfg = Debug|Any CPU
		{9BD70C10-321C-463A-8E8B-FFEA04E9879D}.Debug|Any CPU.Build.0 = Debug|Any CPU
		{9BD70C10-321C-463A-8E8B-FFEA04E9879D}.Release|Any CPU.ActiveCfg = Release|Any CPU
		{9BD70C10-321C-463A-8E8B-FFEA04E9879D}.Release|Any CPU.Build.0 = Release|Any CPU
	EndGlobalSection
	GlobalSection(SolutionProperties) = preSolution
		HideSolutionNode = FALSE
	EndGlobalSection
	GlobalSection(ExtensibilityGlobals) = postSolution
		SolutionGuid = {61F06E7D-3BF1-4C1A-ABA5-A0C687C5571F}
	EndGlobalSection
EndGlobal
